// !$*UTF8*$!
{
	archiveVersion = 1;
	classes = {
	};
	objectVersion = 56;
	objects = {

/* Begin PBXBuildFile section */
		1352530FDBC3329E91129D6D /* Pods_Tallyvision.framework in Frameworks */ = {isa = PBXBuildFile; fileRef = 5170C047995B2EAB46448C67 /* Pods_Tallyvision.framework */; };
		FC0366D52CE33DFF003EBE4A /* ShowCardView.swift in Sources */ = {isa = PBXBuildFile; fileRef = FC0366D42CE33DFF003EBE4A /* ShowCardView.swift */; };
		FC038A932D244825006FBB14 /* CastCredit.swift in Sources */ = {isa = PBXBuildFile; fileRef = FC038A922D244825006FBB14 /* CastCredit.swift */; };
		FC2AE5CC2CCFDFED0072FB95 /* AppDelegate+Log.swift in Sources */ = {isa = PBXBuildFile; fileRef = FC2AE5CB2CCFDFED0072FB95 /* AppDelegate+Log.swift */; };
		FC359CA72D098863004E9D95 /* Person.swift in Sources */ = {isa = PBXBuildFile; fileRef = FC359CA62D098863004E9D95 /* Person.swift */; };
		FC359CA92D09911C004E9D95 /* ShowCast.swift in Sources */ = {isa = PBXBuildFile; fileRef = FC359CA82D09911C004E9D95 /* ShowCast.swift */; };
		FC359CAD2D09A4D5004E9D95 /* CastResponse.swift in Sources */ = {isa = PBXBuildFile; fileRef = FC359CAC2D09A4D5004E9D95 /* CastResponse.swift */; };
		FC44685D2D1310B5004CFAB2 /* HorizontalLine.swift in Sources */ = {isa = PBXBuildFile; fileRef = FC44685C2D1310B5004CFAB2 /* HorizontalLine.swift */; };
		FC4468652D1317DE004CFAB2 /* CastDetailsViewController.swift in Sources */ = {isa = PBXBuildFile; fileRef = FC4468642D1317DE004CFAB2 /* CastDetailsViewController.swift */; };
		FC4AA0392CF5ADBB00A67A74 /* AppLayouts.swift in Sources */ = {isa = PBXBuildFile; fileRef = FC4AA0382CF5ADBB00A67A74 /* AppLayouts.swift */; };
		FC4AA03B2CF5BC9C00A67A74 /* ShowCardsCell.swift in Sources */ = {isa = PBXBuildFile; fileRef = FC4AA03A2CF5BC9C00A67A74 /* ShowCardsCell.swift */; };
		FC4B3BC72CE4962C0055ECAF /* BlurredImageView.swift in Sources */ = {isa = PBXBuildFile; fileRef = FC4B3BC62CE4962C0055ECAF /* BlurredImageView.swift */; };
		FC4B3BD42CE4E7E70055ECAF /* String+HTMLParser.swift in Sources */ = {isa = PBXBuildFile; fileRef = FC4B3BD32CE4E7E70055ECAF /* String+HTMLParser.swift */; };
		FC4D182F2D2D2FCE00B88C39 /* ShowTableViewCell.swift in Sources */ = {isa = PBXBuildFile; fileRef = FC4D182E2D2D2FCE00B88C39 /* ShowTableViewCell.swift */; };
		FC4D18332D2D4FF800B88C39 /* DispatchQueue+Dedupe.swift in Sources */ = {isa = PBXBuildFile; fileRef = FC4D18322D2D4FF800B88C39 /* DispatchQueue+Dedupe.swift */; };
		FC5209C32D19B0F4001A3180 /* UINavigationController+Extension.swift in Sources */ = {isa = PBXBuildFile; fileRef = FC5209C22D19B0F4001A3180 /* UINavigationController+Extension.swift */; };
		FC5209C52D19B371001A3180 /* UIViewController+Extension.swift in Sources */ = {isa = PBXBuildFile; fileRef = FC5209C42D19B371001A3180 /* UIViewController+Extension.swift */; };
		FC5322222CC8F4B1001BCC3D /* TabBarController.swift in Sources */ = {isa = PBXBuildFile; fileRef = FC5322212CC8F4B1001BCC3D /* TabBarController.swift */; };
		FC5322262CC8F817001BCC3D /* UIImage+Resize.swift in Sources */ = {isa = PBXBuildFile; fileRef = FC5322252CC8F817001BCC3D /* UIImage+Resize.swift */; };
		FC53222D2CC8FB3B001BCC3D /* DiscoverViewController.swift in Sources */ = {isa = PBXBuildFile; fileRef = FC53222C2CC8FB3B001BCC3D /* DiscoverViewController.swift */; };
		FC53222F2CC8FB49001BCC3D /* WatchlistViewController.swift in Sources */ = {isa = PBXBuildFile; fileRef = FC53222E2CC8FB49001BCC3D /* WatchlistViewController.swift */; };
		FC5322312CC8FB5D001BCC3D /* StatisticsViewController.swift in Sources */ = {isa = PBXBuildFile; fileRef = FC5322302CC8FB5D001BCC3D /* StatisticsViewController.swift */; };
		FC5322332CC91843001BCC3D /* UIColor+Extensions.swift in Sources */ = {isa = PBXBuildFile; fileRef = FC5322322CC91843001BCC3D /* UIColor+Extensions.swift */; };
		FC53223C2CC92DA2001BCC3D /* UIView+Extensions.swift in Sources */ = {isa = PBXBuildFile; fileRef = FC53223B2CC92DA2001BCC3D /* UIView+Extensions.swift */; };
		FC5322412CC933EB001BCC3D /* UILabel+Extension.swift in Sources */ = {isa = PBXBuildFile; fileRef = FC5322402CC933EB001BCC3D /* UILabel+Extension.swift */; };
		FC5C79342CF6FDC90016BB87 /* SectionTitleReusableView.swift in Sources */ = {isa = PBXBuildFile; fileRef = FC5C79332CF6FDC90016BB87 /* SectionTitleReusableView.swift */; };
		FC5C79372CF704E30016BB87 /* DateFormatter+Extension.swift in Sources */ = {isa = PBXBuildFile; fileRef = FC5C79362CF704E30016BB87 /* DateFormatter+Extension.swift */; };
		FC5C793D2CF750D90016BB87 /* Episode.swift in Sources */ = {isa = PBXBuildFile; fileRef = FC5C793C2CF750D90016BB87 /* Episode.swift */; };
		FC5C793F2CF758300016BB87 /* Database+Migrator.swift in Sources */ = {isa = PBXBuildFile; fileRef = FC5C793E2CF758300016BB87 /* Database+Migrator.swift */; };
		FC5C79412CF759BE0016BB87 /* Rating.swift in Sources */ = {isa = PBXBuildFile; fileRef = FC5C79402CF759BE0016BB87 /* Rating.swift */; };
		FC6459942CFDFEB000809245 /* Date+Operators.swift in Sources */ = {isa = PBXBuildFile; fileRef = FC6459932CFDFEB000809245 /* Date+Operators.swift */; };
		FC81954E2D10662A006D1CDF /* CastService.swift in Sources */ = {isa = PBXBuildFile; fileRef = FC81954D2D10662A006D1CDF /* CastService.swift */; };
		FCA028AB2D084341002FC29B /* IntroductionView.swift in Sources */ = {isa = PBXBuildFile; fileRef = FCA028AA2D084341002FC29B /* IntroductionView.swift */; };
		FCA028AD2D0853B5002FC29B /* PaddingLabel.swift in Sources */ = {isa = PBXBuildFile; fileRef = FCA028AC2D0853B5002FC29B /* PaddingLabel.swift */; };
		FCB2C07C2D0049E100456CF4 /* AppConstants.swift in Sources */ = {isa = PBXBuildFile; fileRef = FCB2C07B2D0049E100456CF4 /* AppConstants.swift */; };
		FCB2C0802D009A0E00456CF4 /* RedHatDisplay-Bold.ttf in Resources */ = {isa = PBXBuildFile; fileRef = FCB2C07F2D009A0D00456CF4 /* RedHatDisplay-Bold.ttf */; };
		FCB2C0842D009A2200456CF4 /* RedHatDisplay-SemiBold.ttf in Resources */ = {isa = PBXBuildFile; fileRef = FCB2C0812D009A2200456CF4 /* RedHatDisplay-SemiBold.ttf */; };
		FCB2C0852D009A2200456CF4 /* RedHatDisplay-Medium.ttf in Resources */ = {isa = PBXBuildFile; fileRef = FCB2C0822D009A2200456CF4 /* RedHatDisplay-Medium.ttf */; };
		FCB2C0862D009A2200456CF4 /* RedHatDisplay-Regular.ttf in Resources */ = {isa = PBXBuildFile; fileRef = FCB2C0832D009A2200456CF4 /* RedHatDisplay-Regular.ttf */; };
		FCB2C08A2D009DB300456CF4 /* DecoratedLabel.swift in Sources */ = {isa = PBXBuildFile; fileRef = FCB2C0892D009DB300456CF4 /* DecoratedLabel.swift */; };
		FCBB94912CFF028A0097B766 /* ShowDetailsViewController.swift in Sources */ = {isa = PBXBuildFile; fileRef = FCBB94902CFF028A0097B766 /* ShowDetailsViewController.swift */; };
		FCBB94942CFF11D70097B766 /* TransparentButton.swift in Sources */ = {isa = PBXBuildFile; fileRef = FCBB94932CFF11D70097B766 /* TransparentButton.swift */; };
		FCC679C02CC8D4BC00050D65 /* AppDelegate.swift in Sources */ = {isa = PBXBuildFile; fileRef = FCC679BF2CC8D4BC00050D65 /* AppDelegate.swift */; };
		FCC679C22CC8D4BC00050D65 /* SceneDelegate.swift in Sources */ = {isa = PBXBuildFile; fileRef = FCC679C12CC8D4BC00050D65 /* SceneDelegate.swift */; };
		FCC679C92CC8D4BE00050D65 /* Assets.xcassets in Resources */ = {isa = PBXBuildFile; fileRef = FCC679C82CC8D4BE00050D65 /* Assets.xcassets */; };
		FCC679D72CC8D5B300050D65 /* HomeViewController.swift in Sources */ = {isa = PBXBuildFile; fileRef = FCC679D62CC8D5B300050D65 /* HomeViewController.swift */; };
		FCC679DB2CC8E01F00050D65 /* SwiftyBeaver in Frameworks */ = {isa = PBXBuildFile; productRef = FCC679DA2CC8E01F00050D65 /* SwiftyBeaver */; };
		FCC679DE2CC8E04500050D65 /* SDWebImage in Frameworks */ = {isa = PBXBuildFile; productRef = FCC679DD2CC8E04500050D65 /* SDWebImage */; };
		FCC679E02CC8E04500050D65 /* SDWebImageMapKit in Frameworks */ = {isa = PBXBuildFile; productRef = FCC679DF2CC8E04500050D65 /* SDWebImageMapKit */; };
		FCCBAF6A2CF86BDD000F75BD /* ScheduleService.swift in Sources */ = {isa = PBXBuildFile; fileRef = FCCBAF692CF86BDD000F75BD /* ScheduleService.swift */; };
		FCCBAF6D2CF87A78000F75BD /* AlertKit in Frameworks */ = {isa = PBXBuildFile; productRef = FCCBAF6C2CF87A78000F75BD /* AlertKit */; };
		FCCDF3922D22E9DE00B6DDAB /* UIImageView+Extension.swift in Sources */ = {isa = PBXBuildFile; fileRef = FCCDF3912D22E9DE00B6DDAB /* UIImageView+Extension.swift */; };
		FCD0B4CA2CDA0E3A0042E05C /* Image.swift in Sources */ = {isa = PBXBuildFile; fileRef = FCD0B4C92CDA0E3A0042E05C /* Image.swift */; };
		FCD0B4CC2CDA0E8F0042E05C /* Season.swift in Sources */ = {isa = PBXBuildFile; fileRef = FCD0B4CB2CDA0E8F0042E05C /* Season.swift */; };
		FCD0B4CE2CDA17840042E05C /* Network.swift in Sources */ = {isa = PBXBuildFile; fileRef = FCD0B4CD2CDA17840042E05C /* Network.swift */; };
		FCD0B4D02CDA17B60042E05C /* Country.swift in Sources */ = {isa = PBXBuildFile; fileRef = FCD0B4CF2CDA17B60042E05C /* Country.swift */; };
		FCD0B4D32CDA29430042E05C /* TVMazeClient.swift in Sources */ = {isa = PBXBuildFile; fileRef = FCD0B4D22CDA29430042E05C /* TVMazeClient.swift */; };
		FCD0B4D52CDA29630042E05C /* NetworkError.swift in Sources */ = {isa = PBXBuildFile; fileRef = FCD0B4D42CDA29630042E05C /* NetworkError.swift */; };
		FCD7CFFC2CEB7E4800A3B18F /* DotsIndicatorView.swift in Sources */ = {isa = PBXBuildFile; fileRef = FCD7CFFB2CEB7E4800A3B18F /* DotsIndicatorView.swift */; };
		FCEBB31B2D12AF6900EAE4B7 /* ShowTitleView.swift in Sources */ = {isa = PBXBuildFile; fileRef = FCEBB31A2D12AF6900EAE4B7 /* ShowTitleView.swift */; };
		FCEBB31D2D12C07F00EAE4B7 /* CastCell.swift in Sources */ = {isa = PBXBuildFile; fileRef = FCEBB31C2D12C07F00EAE4B7 /* CastCell.swift */; };
		FCEBB31F2D12DA0500EAE4B7 /* BackgroundSupplementaryView.swift in Sources */ = {isa = PBXBuildFile; fileRef = FCEBB31E2D12DA0500EAE4B7 /* BackgroundSupplementaryView.swift */; };
		FCECD0182D11675200214673 /* TabBarController+RoundedTabBar.swift in Sources */ = {isa = PBXBuildFile; fileRef = FCECD0172D11675200214673 /* TabBarController+RoundedTabBar.swift */; };
		FCECD01F2D116BBF00214673 /* ShowMetadataView.swift in Sources */ = {isa = PBXBuildFile; fileRef = FCECD01E2D116BBF00214673 /* ShowMetadataView.swift */; };
		FCEDE2662CEC7FD900B4C0F8 /* ShowCell.swift in Sources */ = {isa = PBXBuildFile; fileRef = FCEDE2652CEC7FD900B4C0F8 /* ShowCell.swift */; };
		FCF77A202CD0D12D00456132 /* Show.swift in Sources */ = {isa = PBXBuildFile; fileRef = FCF77A1F2CD0D12D00456132 /* Show.swift */; };
		FCF77A242CD0DF2000456132 /* Database.swift in Sources */ = {isa = PBXBuildFile; fileRef = FCF77A232CD0DF2000456132 /* Database.swift */; };
/* End PBXBuildFile section */

/* Begin PBXFileReference section */
		01D4A84E0071692615EC8647 /* Pods-Tallyvision.debug.xcconfig */ = {isa = PBXFileReference; includeInIndex = 1; lastKnownFileType = text.xcconfig; name = "Pods-Tallyvision.debug.xcconfig"; path = "Target Support Files/Pods-Tallyvision/Pods-Tallyvision.debug.xcconfig"; sourceTree = "<group>"; };
		3978372BE3E61B2A62FAFF9D /* Pods-Tallyvision.release.xcconfig */ = {isa = PBXFileReference; includeInIndex = 1; lastKnownFileType = text.xcconfig; name = "Pods-Tallyvision.release.xcconfig"; path = "Target Support Files/Pods-Tallyvision/Pods-Tallyvision.release.xcconfig"; sourceTree = "<group>"; };
		5170C047995B2EAB46448C67 /* Pods_Tallyvision.framework */ = {isa = PBXFileReference; explicitFileType = wrapper.framework; includeInIndex = 0; path = Pods_Tallyvision.framework; sourceTree = BUILT_PRODUCTS_DIR; };
		FC0366D42CE33DFF003EBE4A /* ShowCardView.swift */ = {isa = PBXFileReference; lastKnownFileType = sourcecode.swift; path = ShowCardView.swift; sourceTree = "<group>"; };
		FC038A922D244825006FBB14 /* CastCredit.swift */ = {isa = PBXFileReference; lastKnownFileType = sourcecode.swift; path = CastCredit.swift; sourceTree = "<group>"; };
		FC2AE5CB2CCFDFED0072FB95 /* AppDelegate+Log.swift */ = {isa = PBXFileReference; lastKnownFileType = sourcecode.swift; path = "AppDelegate+Log.swift"; sourceTree = "<group>"; };
		FC359CA62D098863004E9D95 /* Person.swift */ = {isa = PBXFileReference; lastKnownFileType = sourcecode.swift; path = Person.swift; sourceTree = "<group>"; };
		FC359CA82D09911C004E9D95 /* ShowCast.swift */ = {isa = PBXFileReference; lastKnownFileType = sourcecode.swift; path = ShowCast.swift; sourceTree = "<group>"; };
		FC359CAC2D09A4D5004E9D95 /* CastResponse.swift */ = {isa = PBXFileReference; lastKnownFileType = sourcecode.swift; path = CastResponse.swift; sourceTree = "<group>"; };
		FC44685C2D1310B5004CFAB2 /* HorizontalLine.swift */ = {isa = PBXFileReference; lastKnownFileType = sourcecode.swift; path = HorizontalLine.swift; sourceTree = "<group>"; };
		FC4468642D1317DE004CFAB2 /* CastDetailsViewController.swift */ = {isa = PBXFileReference; lastKnownFileType = sourcecode.swift; path = CastDetailsViewController.swift; sourceTree = "<group>"; };
		FC4AA0382CF5ADBB00A67A74 /* AppLayouts.swift */ = {isa = PBXFileReference; lastKnownFileType = sourcecode.swift; path = AppLayouts.swift; sourceTree = "<group>"; };
		FC4AA03A2CF5BC9C00A67A74 /* ShowCardsCell.swift */ = {isa = PBXFileReference; lastKnownFileType = sourcecode.swift; path = ShowCardsCell.swift; sourceTree = "<group>"; };
		FC4B3BC62CE4962C0055ECAF /* BlurredImageView.swift */ = {isa = PBXFileReference; lastKnownFileType = sourcecode.swift; path = BlurredImageView.swift; sourceTree = "<group>"; };
		FC4B3BD32CE4E7E70055ECAF /* String+HTMLParser.swift */ = {isa = PBXFileReference; lastKnownFileType = sourcecode.swift; path = "String+HTMLParser.swift"; sourceTree = "<group>"; };
		FC4D182E2D2D2FCE00B88C39 /* ShowTableViewCell.swift */ = {isa = PBXFileReference; lastKnownFileType = sourcecode.swift; path = ShowTableViewCell.swift; sourceTree = "<group>"; };
		FC4D18322D2D4FF800B88C39 /* DispatchQueue+Dedupe.swift */ = {isa = PBXFileReference; lastKnownFileType = sourcecode.swift; path = "DispatchQueue+Dedupe.swift"; sourceTree = "<group>"; };
		FC5209C22D19B0F4001A3180 /* UINavigationController+Extension.swift */ = {isa = PBXFileReference; lastKnownFileType = sourcecode.swift; path = "UINavigationController+Extension.swift"; sourceTree = "<group>"; };
		FC5209C42D19B371001A3180 /* UIViewController+Extension.swift */ = {isa = PBXFileReference; lastKnownFileType = sourcecode.swift; path = "UIViewController+Extension.swift"; sourceTree = "<group>"; };
		FC5322212CC8F4B1001BCC3D /* TabBarController.swift */ = {isa = PBXFileReference; lastKnownFileType = sourcecode.swift; path = TabBarController.swift; sourceTree = "<group>"; };
		FC5322252CC8F817001BCC3D /* UIImage+Resize.swift */ = {isa = PBXFileReference; lastKnownFileType = sourcecode.swift; path = "UIImage+Resize.swift"; sourceTree = "<group>"; };
		FC53222C2CC8FB3B001BCC3D /* DiscoverViewController.swift */ = {isa = PBXFileReference; lastKnownFileType = sourcecode.swift; path = DiscoverViewController.swift; sourceTree = "<group>"; };
		FC53222E2CC8FB49001BCC3D /* WatchlistViewController.swift */ = {isa = PBXFileReference; lastKnownFileType = sourcecode.swift; path = WatchlistViewController.swift; sourceTree = "<group>"; };
		FC5322302CC8FB5D001BCC3D /* StatisticsViewController.swift */ = {isa = PBXFileReference; lastKnownFileType = sourcecode.swift; path = StatisticsViewController.swift; sourceTree = "<group>"; };
		FC5322322CC91843001BCC3D /* UIColor+Extensions.swift */ = {isa = PBXFileReference; lastKnownFileType = sourcecode.swift; path = "UIColor+Extensions.swift"; sourceTree = "<group>"; };
		FC53223B2CC92DA2001BCC3D /* UIView+Extensions.swift */ = {isa = PBXFileReference; lastKnownFileType = sourcecode.swift; path = "UIView+Extensions.swift"; sourceTree = "<group>"; };
		FC5322402CC933EB001BCC3D /* UILabel+Extension.swift */ = {isa = PBXFileReference; lastKnownFileType = sourcecode.swift; path = "UILabel+Extension.swift"; sourceTree = "<group>"; };
		FC5C79332CF6FDC90016BB87 /* SectionTitleReusableView.swift */ = {isa = PBXFileReference; lastKnownFileType = sourcecode.swift; path = SectionTitleReusableView.swift; sourceTree = "<group>"; };
		FC5C79362CF704E30016BB87 /* DateFormatter+Extension.swift */ = {isa = PBXFileReference; lastKnownFileType = sourcecode.swift; path = "DateFormatter+Extension.swift"; sourceTree = "<group>"; };
		FC5C793C2CF750D90016BB87 /* Episode.swift */ = {isa = PBXFileReference; lastKnownFileType = sourcecode.swift; path = Episode.swift; sourceTree = "<group>"; };
		FC5C793E2CF758300016BB87 /* Database+Migrator.swift */ = {isa = PBXFileReference; lastKnownFileType = sourcecode.swift; path = "Database+Migrator.swift"; sourceTree = "<group>"; };
		FC5C79402CF759BE0016BB87 /* Rating.swift */ = {isa = PBXFileReference; lastKnownFileType = sourcecode.swift; path = Rating.swift; sourceTree = "<group>"; };
		FC6459932CFDFEB000809245 /* Date+Operators.swift */ = {isa = PBXFileReference; lastKnownFileType = sourcecode.swift; path = "Date+Operators.swift"; sourceTree = "<group>"; };
		FC81954D2D10662A006D1CDF /* CastService.swift */ = {isa = PBXFileReference; lastKnownFileType = sourcecode.swift; path = CastService.swift; sourceTree = "<group>"; };
		FCA028AA2D084341002FC29B /* IntroductionView.swift */ = {isa = PBXFileReference; fileEncoding = 4; lastKnownFileType = sourcecode.swift; path = IntroductionView.swift; sourceTree = "<group>"; };
		FCA028AC2D0853B5002FC29B /* PaddingLabel.swift */ = {isa = PBXFileReference; lastKnownFileType = sourcecode.swift; path = PaddingLabel.swift; sourceTree = "<group>"; };
		FCB2C07B2D0049E100456CF4 /* AppConstants.swift */ = {isa = PBXFileReference; lastKnownFileType = sourcecode.swift; path = AppConstants.swift; sourceTree = "<group>"; };
		FCB2C07F2D009A0D00456CF4 /* RedHatDisplay-Bold.ttf */ = {isa = PBXFileReference; lastKnownFileType = file; path = "RedHatDisplay-Bold.ttf"; sourceTree = "<group>"; };
		FCB2C0812D009A2200456CF4 /* RedHatDisplay-SemiBold.ttf */ = {isa = PBXFileReference; lastKnownFileType = file; path = "RedHatDisplay-SemiBold.ttf"; sourceTree = "<group>"; };
		FCB2C0822D009A2200456CF4 /* RedHatDisplay-Medium.ttf */ = {isa = PBXFileReference; lastKnownFileType = file; path = "RedHatDisplay-Medium.ttf"; sourceTree = "<group>"; };
		FCB2C0832D009A2200456CF4 /* RedHatDisplay-Regular.ttf */ = {isa = PBXFileReference; lastKnownFileType = file; path = "RedHatDisplay-Regular.ttf"; sourceTree = "<group>"; };
		FCB2C0892D009DB300456CF4 /* DecoratedLabel.swift */ = {isa = PBXFileReference; lastKnownFileType = sourcecode.swift; path = DecoratedLabel.swift; sourceTree = "<group>"; };
		FCBB94902CFF028A0097B766 /* ShowDetailsViewController.swift */ = {isa = PBXFileReference; lastKnownFileType = sourcecode.swift; path = ShowDetailsViewController.swift; sourceTree = "<group>"; };
		FCBB94932CFF11D70097B766 /* TransparentButton.swift */ = {isa = PBXFileReference; lastKnownFileType = sourcecode.swift; path = TransparentButton.swift; sourceTree = "<group>"; };
		FCC679BC2CC8D4BC00050D65 /* Tallyvision.app */ = {isa = PBXFileReference; explicitFileType = wrapper.application; includeInIndex = 0; path = Tallyvision.app; sourceTree = BUILT_PRODUCTS_DIR; };
		FCC679BF2CC8D4BC00050D65 /* AppDelegate.swift */ = {isa = PBXFileReference; lastKnownFileType = sourcecode.swift; path = AppDelegate.swift; sourceTree = "<group>"; };
		FCC679C12CC8D4BC00050D65 /* SceneDelegate.swift */ = {isa = PBXFileReference; lastKnownFileType = sourcecode.swift; path = SceneDelegate.swift; sourceTree = "<group>"; };
		FCC679C82CC8D4BE00050D65 /* Assets.xcassets */ = {isa = PBXFileReference; lastKnownFileType = folder.assetcatalog; path = Assets.xcassets; sourceTree = "<group>"; };
		FCC679CD2CC8D4BE00050D65 /* Info.plist */ = {isa = PBXFileReference; lastKnownFileType = text.plist.xml; path = Info.plist; sourceTree = "<group>"; };
		FCC679D62CC8D5B300050D65 /* HomeViewController.swift */ = {isa = PBXFileReference; lastKnownFileType = sourcecode.swift; path = HomeViewController.swift; sourceTree = "<group>"; };
		FCCBAF692CF86BDD000F75BD /* ScheduleService.swift */ = {isa = PBXFileReference; lastKnownFileType = sourcecode.swift; path = ScheduleService.swift; sourceTree = "<group>"; };
		FCCDF3912D22E9DE00B6DDAB /* UIImageView+Extension.swift */ = {isa = PBXFileReference; lastKnownFileType = sourcecode.swift; path = "UIImageView+Extension.swift"; sourceTree = "<group>"; };
		FCD0B4C92CDA0E3A0042E05C /* Image.swift */ = {isa = PBXFileReference; lastKnownFileType = sourcecode.swift; path = Image.swift; sourceTree = "<group>"; };
		FCD0B4CB2CDA0E8F0042E05C /* Season.swift */ = {isa = PBXFileReference; lastKnownFileType = sourcecode.swift; path = Season.swift; sourceTree = "<group>"; };
		FCD0B4CD2CDA17840042E05C /* Network.swift */ = {isa = PBXFileReference; lastKnownFileType = sourcecode.swift; path = Network.swift; sourceTree = "<group>"; };
		FCD0B4CF2CDA17B60042E05C /* Country.swift */ = {isa = PBXFileReference; lastKnownFileType = sourcecode.swift; path = Country.swift; sourceTree = "<group>"; };
		FCD0B4D22CDA29430042E05C /* TVMazeClient.swift */ = {isa = PBXFileReference; lastKnownFileType = sourcecode.swift; path = TVMazeClient.swift; sourceTree = "<group>"; };
		FCD0B4D42CDA29630042E05C /* NetworkError.swift */ = {isa = PBXFileReference; lastKnownFileType = sourcecode.swift; path = NetworkError.swift; sourceTree = "<group>"; };
		FCD7CFFB2CEB7E4800A3B18F /* DotsIndicatorView.swift */ = {isa = PBXFileReference; lastKnownFileType = sourcecode.swift; path = DotsIndicatorView.swift; sourceTree = "<group>"; };
		FCEBB31A2D12AF6900EAE4B7 /* ShowTitleView.swift */ = {isa = PBXFileReference; lastKnownFileType = sourcecode.swift; path = ShowTitleView.swift; sourceTree = "<group>"; };
		FCEBB31C2D12C07F00EAE4B7 /* CastCell.swift */ = {isa = PBXFileReference; lastKnownFileType = sourcecode.swift; path = CastCell.swift; sourceTree = "<group>"; };
		FCEBB31E2D12DA0500EAE4B7 /* BackgroundSupplementaryView.swift */ = {isa = PBXFileReference; lastKnownFileType = sourcecode.swift; path = BackgroundSupplementaryView.swift; sourceTree = "<group>"; };
		FCECD0172D11675200214673 /* TabBarController+RoundedTabBar.swift */ = {isa = PBXFileReference; lastKnownFileType = sourcecode.swift; path = "TabBarController+RoundedTabBar.swift"; sourceTree = "<group>"; };
		FCECD01E2D116BBF00214673 /* ShowMetadataView.swift */ = {isa = PBXFileReference; lastKnownFileType = sourcecode.swift; path = ShowMetadataView.swift; sourceTree = "<group>"; };
		FCEDE2652CEC7FD900B4C0F8 /* ShowCell.swift */ = {isa = PBXFileReference; lastKnownFileType = sourcecode.swift; path = ShowCell.swift; sourceTree = "<group>"; };
		FCF77A1F2CD0D12D00456132 /* Show.swift */ = {isa = PBXFileReference; lastKnownFileType = sourcecode.swift; path = Show.swift; sourceTree = "<group>"; };
		FCF77A232CD0DF2000456132 /* Database.swift */ = {isa = PBXFileReference; lastKnownFileType = sourcecode.swift; path = Database.swift; sourceTree = "<group>"; };
/* End PBXFileReference section */

/* Begin PBXFrameworksBuildPhase section */
		FCC679B92CC8D4BC00050D65 /* Frameworks */ = {
			isa = PBXFrameworksBuildPhase;
			buildActionMask = 2147483647;
			files = (
				FCC679DE2CC8E04500050D65 /* SDWebImage in Frameworks */,
				FCC679E02CC8E04500050D65 /* SDWebImageMapKit in Frameworks */,
				FCCBAF6D2CF87A78000F75BD /* AlertKit in Frameworks */,
				FCC679DB2CC8E01F00050D65 /* SwiftyBeaver in Frameworks */,
				1352530FDBC3329E91129D6D /* Pods_Tallyvision.framework in Frameworks */,
			);
			runOnlyForDeploymentPostprocessing = 0;
		};
/* End PBXFrameworksBuildPhase section */

/* Begin PBXGroup section */
		42CCC4A60348AE81EC92209D /* Frameworks */ = {
			isa = PBXGroup;
			children = (
				5170C047995B2EAB46448C67 /* Pods_Tallyvision.framework */,
			);
			name = Frameworks;
			sourceTree = "<group>";
		};
		9908845935437DAFD0D0BAC5 /* Pods */ = {
			isa = PBXGroup;
			children = (
				01D4A84E0071692615EC8647 /* Pods-Tallyvision.debug.xcconfig */,
				3978372BE3E61B2A62FAFF9D /* Pods-Tallyvision.release.xcconfig */,
			);
			path = Pods;
			sourceTree = "<group>";
		};
		FC2AE5CA2CCFDFB50072FB95 /* AppDelegate Extensions */ = {
			isa = PBXGroup;
			children = (
				FC2AE5CB2CCFDFED0072FB95 /* AppDelegate+Log.swift */,
			);
			path = "AppDelegate Extensions";
			sourceTree = "<group>";
		};
		FC4468602D1313F5004CFAB2 /* Collection View */ = {
			isa = PBXGroup;
			children = (
				FC4468622D13140E004CFAB2 /* Cells */,
				FC4468612D131401004CFAB2 /* Reusable Views */,
			);
			path = "Collection View";
			sourceTree = "<group>";
		};
		FC4468612D131401004CFAB2 /* Reusable Views */ = {
			isa = PBXGroup;
			children = (
				FCECD01E2D116BBF00214673 /* ShowMetadataView.swift */,
				FCEBB31E2D12DA0500EAE4B7 /* BackgroundSupplementaryView.swift */,
				FC5C79332CF6FDC90016BB87 /* SectionTitleReusableView.swift */,
			);
			path = "Reusable Views";
			sourceTree = "<group>";
		};
		FC4468622D13140E004CFAB2 /* Cells */ = {
			isa = PBXGroup;
			children = (
				FCEBB31C2D12C07F00EAE4B7 /* CastCell.swift */,
				FCEDE2652CEC7FD900B4C0F8 /* ShowCell.swift */,
			);
			path = Cells;
			sourceTree = "<group>";
		};
		FC4468632D1314B1004CFAB2 /* Legacy */ = {
			isa = PBXGroup;
			children = (
				FC4AA03A2CF5BC9C00A67A74 /* ShowCardsCell.swift */,
				FCD7CFFB2CEB7E4800A3B18F /* DotsIndicatorView.swift */,
				FC0366D42CE33DFF003EBE4A /* ShowCardView.swift */,
			);
			path = Legacy;
			sourceTree = "<group>";
		};
		FC4AA0362CF5AD0500A67A74 /* Common */ = {
			isa = PBXGroup;
			children = (
				FCB2C07A2D0049C000456CF4 /* Constants */,
				FCD0B4D12CDA29230042E05C /* Networking */,
				FCF77A222CD0DF0900456132 /* Persistence */,
				FCCBAF662CF86B8D000F75BD /* Services */,
				FCF77A1E2CD0D0FE00456132 /* Models */,
				FC4AA0372CF5AD1B00A67A74 /* Layouts */,
			);
			path = Common;
			sourceTree = "<group>";
		};
		FC4AA0372CF5AD1B00A67A74 /* Layouts */ = {
			isa = PBXGroup;
			children = (
				FC4AA0382CF5ADBB00A67A74 /* AppLayouts.swift */,
			);
			path = Layouts;
			sourceTree = "<group>";
		};
		FC4B3BD22CE4E7CF0055ECAF /* Foundation */ = {
			isa = PBXGroup;
			children = (
				FC4B3BD32CE4E7E70055ECAF /* String+HTMLParser.swift */,
				FC5C79362CF704E30016BB87 /* DateFormatter+Extension.swift */,
				FC6459932CFDFEB000809245 /* Date+Operators.swift */,
				FC4D18322D2D4FF800B88C39 /* DispatchQueue+Dedupe.swift */,
			);
			path = Foundation;
			sourceTree = "<group>";
		};
		FC4D182C2D2D2F3400B88C39 /* Table View */ = {
			isa = PBXGroup;
			children = (
				FC4D182D2D2D2FBB00B88C39 /* Cells */,
			);
			path = "Table View";
			sourceTree = "<group>";
		};
		FC4D182D2D2D2FBB00B88C39 /* Cells */ = {
			isa = PBXGroup;
			children = (
				FC4D182E2D2D2FCE00B88C39 /* ShowTableViewCell.swift */,
			);
			path = Cells;
			sourceTree = "<group>";
		};
		FC5322232CC8F79D001BCC3D /* Extensions */ = {
			isa = PBXGroup;
			children = (
				FC4B3BD22CE4E7CF0055ECAF /* Foundation */,
				FC2AE5CA2CCFDFB50072FB95 /* AppDelegate Extensions */,
				FC5322242CC8F7A6001BCC3D /* UIIKit Extensions */,
			);
			path = Extensions;
			sourceTree = "<group>";
		};
		FC5322242CC8F7A6001BCC3D /* UIIKit Extensions */ = {
			isa = PBXGroup;
			children = (
				FC5322252CC8F817001BCC3D /* UIImage+Resize.swift */,
				FC5322322CC91843001BCC3D /* UIColor+Extensions.swift */,
				FC53223B2CC92DA2001BCC3D /* UIView+Extensions.swift */,
				FC5322402CC933EB001BCC3D /* UILabel+Extension.swift */,
				FC5209C22D19B0F4001A3180 /* UINavigationController+Extension.swift */,
				FC5209C42D19B371001A3180 /* UIViewController+Extension.swift */,
				FCCDF3912D22E9DE00B6DDAB /* UIImageView+Extension.swift */,
			);
			path = "UIIKit Extensions";
			sourceTree = "<group>";
		};
		FC5322272CC8FA54001BCC3D /* Discover */ = {
			isa = PBXGroup;
			children = (
				FC53222C2CC8FB3B001BCC3D /* DiscoverViewController.swift */,
			);
			path = Discover;
			sourceTree = "<group>";
		};
		FC5322282CC8FA5C001BCC3D /* Watchlist */ = {
			isa = PBXGroup;
			children = (
				FC53222E2CC8FB49001BCC3D /* WatchlistViewController.swift */,
			);
			path = Watchlist;
			sourceTree = "<group>";
		};
		FC5322292CC8FA6A001BCC3D /* Statistics */ = {
			isa = PBXGroup;
			children = (
				FC5322302CC8FB5D001BCC3D /* StatisticsViewController.swift */,
			);
			path = Statistics;
			sourceTree = "<group>";
		};
		FC5322342CC91CB7001BCC3D /* Fonts */ = {
			isa = PBXGroup;
			children = (
				FCB2C0822D009A2200456CF4 /* RedHatDisplay-Medium.ttf */,
				FCB2C0832D009A2200456CF4 /* RedHatDisplay-Regular.ttf */,
				FCB2C0812D009A2200456CF4 /* RedHatDisplay-SemiBold.ttf */,
				FCB2C07F2D009A0D00456CF4 /* RedHatDisplay-Bold.ttf */,
			);
			path = Fonts;
			sourceTree = "<group>";
		};
		FC6E16AD2CDB92510084F8BC /* Views */ = {
			isa = PBXGroup;
			children = (
				FC4D182C2D2D2F3400B88C39 /* Table View */,
				FC4468602D1313F5004CFAB2 /* Collection View */,
				FCBB94922CFF11C00097B766 /* Common */,
				FC4468632D1314B1004CFAB2 /* Legacy */,
			);
			path = Views;
			sourceTree = "<group>";
		};
		FCB2C07A2D0049C000456CF4 /* Constants */ = {
			isa = PBXGroup;
			children = (
				FCB2C07B2D0049E100456CF4 /* AppConstants.swift */,
			);
			path = Constants;
			sourceTree = "<group>";
		};
		FCBB948F2CFF025F0097B766 /* Common */ = {
			isa = PBXGroup;
			children = (
				FCBB94902CFF028A0097B766 /* ShowDetailsViewController.swift */,
				FC4468642D1317DE004CFAB2 /* CastDetailsViewController.swift */,
			);
			path = Common;
			sourceTree = "<group>";
		};
		FCBB94922CFF11C00097B766 /* Common */ = {
			isa = PBXGroup;
			children = (
				FCBB94932CFF11D70097B766 /* TransparentButton.swift */,
				FCB2C0892D009DB300456CF4 /* DecoratedLabel.swift */,
				FCA028AC2D0853B5002FC29B /* PaddingLabel.swift */,
				FCA028AA2D084341002FC29B /* IntroductionView.swift */,
				FCEBB31A2D12AF6900EAE4B7 /* ShowTitleView.swift */,
				FC44685C2D1310B5004CFAB2 /* HorizontalLine.swift */,
				FC4B3BC62CE4962C0055ECAF /* BlurredImageView.swift */,
			);
			path = Common;
			sourceTree = "<group>";
		};
		FCC679B32CC8D4BC00050D65 = {
			isa = PBXGroup;
			children = (
				FCC679BE2CC8D4BC00050D65 /* Tallyvision */,
				FCC679BD2CC8D4BC00050D65 /* Products */,
				9908845935437DAFD0D0BAC5 /* Pods */,
				42CCC4A60348AE81EC92209D /* Frameworks */,
			);
			sourceTree = "<group>";
		};
		FCC679BD2CC8D4BC00050D65 /* Products */ = {
			isa = PBXGroup;
			children = (
				FCC679BC2CC8D4BC00050D65 /* Tallyvision.app */,
			);
			name = Products;
			sourceTree = "<group>";
		};
		FCC679BE2CC8D4BC00050D65 /* Tallyvision */ = {
			isa = PBXGroup;
			children = (
				FC5322232CC8F79D001BCC3D /* Extensions */,
				FC4AA0362CF5AD0500A67A74 /* Common */,
				FC6E16AD2CDB92510084F8BC /* Views */,
				FCC679D52CC8D59000050D65 /* View Controllers */,
				FCC679D32CC8D56500050D65 /* Supporting Files */,
				FCC679CD2CC8D4BE00050D65 /* Info.plist */,
			);
			path = Tallyvision;
			sourceTree = "<group>";
		};
		FCC679D32CC8D56500050D65 /* Supporting Files */ = {
			isa = PBXGroup;
			children = (
				FCC679BF2CC8D4BC00050D65 /* AppDelegate.swift */,
				FCC679C12CC8D4BC00050D65 /* SceneDelegate.swift */,
				FC5322342CC91CB7001BCC3D /* Fonts */,
				FCC679C82CC8D4BE00050D65 /* Assets.xcassets */,
			);
			path = "Supporting Files";
			sourceTree = "<group>";
		};
		FCC679D52CC8D59000050D65 /* View Controllers */ = {
			isa = PBXGroup;
			children = (
				FCBB948F2CFF025F0097B766 /* Common */,
				FCC679D82CC8D60B00050D65 /* Home */,
				FC5322272CC8FA54001BCC3D /* Discover */,
				FC5322282CC8FA5C001BCC3D /* Watchlist */,
				FC5322292CC8FA6A001BCC3D /* Statistics */,
				FCECD0162D11672B00214673 /* Tab Bar */,
			);
			path = "View Controllers";
			sourceTree = "<group>";
		};
		FCC679D82CC8D60B00050D65 /* Home */ = {
			isa = PBXGroup;
			children = (
				FCC679D62CC8D5B300050D65 /* HomeViewController.swift */,
			);
			path = Home;
			sourceTree = "<group>";
		};
		FCCBAF662CF86B8D000F75BD /* Services */ = {
			isa = PBXGroup;
			children = (
				FCCBAF692CF86BDD000F75BD /* ScheduleService.swift */,
				FC81954D2D10662A006D1CDF /* CastService.swift */,
			);
			path = Services;
			sourceTree = "<group>";
		};
		FCD0B4C82CDA0E2B0042E05C /* Supporting Models */ = {
			isa = PBXGroup;
			children = (
				FCD0B4C92CDA0E3A0042E05C /* Image.swift */,
				FCD0B4CD2CDA17840042E05C /* Network.swift */,
				FCD0B4CF2CDA17B60042E05C /* Country.swift */,
				FC5C79402CF759BE0016BB87 /* Rating.swift */,
				FC038A922D244825006FBB14 /* CastCredit.swift */,
			);
			path = "Supporting Models";
			sourceTree = "<group>";
		};
		FCD0B4D12CDA29230042E05C /* Networking */ = {
			isa = PBXGroup;
			children = (
				FCD0B4D72CDA44B20042E05C /* TV Maze API */,
				FCD0B4D42CDA29630042E05C /* NetworkError.swift */,
			);
			path = Networking;
			sourceTree = "<group>";
		};
		FCD0B4D72CDA44B20042E05C /* TV Maze API */ = {
			isa = PBXGroup;
			children = (
				FCD0B4D22CDA29430042E05C /* TVMazeClient.swift */,
			);
			path = "TV Maze API";
			sourceTree = "<group>";
		};
		FCECD0162D11672B00214673 /* Tab Bar */ = {
			isa = PBXGroup;
			children = (
				FC5322212CC8F4B1001BCC3D /* TabBarController.swift */,
				FCECD0172D11675200214673 /* TabBarController+RoundedTabBar.swift */,
			);
			path = "Tab Bar";
			sourceTree = "<group>";
		};
		FCF77A1E2CD0D0FE00456132 /* Models */ = {
			isa = PBXGroup;
			children = (
				FCD0B4C82CDA0E2B0042E05C /* Supporting Models */,
				FCF77A1F2CD0D12D00456132 /* Show.swift */,
				FCD0B4CB2CDA0E8F0042E05C /* Season.swift */,
				FC5C793C2CF750D90016BB87 /* Episode.swift */,
				FC359CA62D098863004E9D95 /* Person.swift */,
				FC359CA82D09911C004E9D95 /* ShowCast.swift */,
				FC359CAC2D09A4D5004E9D95 /* CastResponse.swift */,
			);
			path = Models;
			sourceTree = "<group>";
		};
		FCF77A222CD0DF0900456132 /* Persistence */ = {
			isa = PBXGroup;
			children = (
				FCF77A232CD0DF2000456132 /* Database.swift */,
				FC5C793E2CF758300016BB87 /* Database+Migrator.swift */,
			);
			path = Persistence;
			sourceTree = "<group>";
		};
/* End PBXGroup section */

/* Begin PBXNativeTarget section */
		FCC679BB2CC8D4BC00050D65 /* Tallyvision */ = {
			isa = PBXNativeTarget;
			buildConfigurationList = FCC679D02CC8D4BE00050D65 /* Build configuration list for PBXNativeTarget "Tallyvision" */;
			buildPhases = (
				C0C26C2AFB90204EBCDFE0C2 /* [CP] Check Pods Manifest.lock */,
				FCC679B82CC8D4BC00050D65 /* Sources */,
				FCC679B92CC8D4BC00050D65 /* Frameworks */,
				FCC679BA2CC8D4BC00050D65 /* Resources */,
				7A7E617165D84C0639A00510 /* [CP] Embed Pods Frameworks */,
			);
			buildRules = (
			);
			dependencies = (
			);
			name = Tallyvision;
			packageProductDependencies = (
				FCC679DA2CC8E01F00050D65 /* SwiftyBeaver */,
				FCC679DD2CC8E04500050D65 /* SDWebImage */,
				FCC679DF2CC8E04500050D65 /* SDWebImageMapKit */,
				FCCBAF6C2CF87A78000F75BD /* AlertKit */,
			);
			productName = Tallyvision;
			productReference = FCC679BC2CC8D4BC00050D65 /* Tallyvision.app */;
			productType = "com.apple.product-type.application";
		};
/* End PBXNativeTarget section */

/* Begin PBXProject section */
		FCC679B42CC8D4BC00050D65 /* Project object */ = {
			isa = PBXProject;
			attributes = {
				BuildIndependentTargetsInParallel = 1;
				LastSwiftUpdateCheck = 1520;
				LastUpgradeCheck = 1520;
				TargetAttributes = {
					FCC679BB2CC8D4BC00050D65 = {
						CreatedOnToolsVersion = 15.2;
					};
				};
			};
			buildConfigurationList = FCC679B72CC8D4BC00050D65 /* Build configuration list for PBXProject "Tallyvision" */;
			compatibilityVersion = "Xcode 14.0";
			developmentRegion = en;
			hasScannedForEncodings = 0;
			knownRegions = (
				en,
				Base,
			);
			mainGroup = FCC679B32CC8D4BC00050D65;
			packageReferences = (
				FCC679D92CC8E01F00050D65 /* XCRemoteSwiftPackageReference "SwiftyBeaver" */,
				FCC679DC2CC8E04500050D65 /* XCRemoteSwiftPackageReference "SDWebImage" */,
				FCCBAF6B2CF87A78000F75BD /* XCRemoteSwiftPackageReference "AlertKit" */,
			);
			productRefGroup = FCC679BD2CC8D4BC00050D65 /* Products */;
			projectDirPath = "";
			projectRoot = "";
			targets = (
				FCC679BB2CC8D4BC00050D65 /* Tallyvision */,
			);
		};
/* End PBXProject section */

/* Begin PBXResourcesBuildPhase section */
		FCC679BA2CC8D4BC00050D65 /* Resources */ = {
			isa = PBXResourcesBuildPhase;
			buildActionMask = 2147483647;
			files = (
				FCB2C0842D009A2200456CF4 /* RedHatDisplay-SemiBold.ttf in Resources */,
				FCB2C0862D009A2200456CF4 /* RedHatDisplay-Regular.ttf in Resources */,
				FCB2C0852D009A2200456CF4 /* RedHatDisplay-Medium.ttf in Resources */,
				FCC679C92CC8D4BE00050D65 /* Assets.xcassets in Resources */,
				FCB2C0802D009A0E00456CF4 /* RedHatDisplay-Bold.ttf in Resources */,
			);
			runOnlyForDeploymentPostprocessing = 0;
		};
/* End PBXResourcesBuildPhase section */

/* Begin PBXShellScriptBuildPhase section */
		7A7E617165D84C0639A00510 /* [CP] Embed Pods Frameworks */ = {
			isa = PBXShellScriptBuildPhase;
			buildActionMask = 2147483647;
			files = (
			);
			inputFileListPaths = (
				"${PODS_ROOT}/Target Support Files/Pods-Tallyvision/Pods-Tallyvision-frameworks-${CONFIGURATION}-input-files.xcfilelist",
			);
			name = "[CP] Embed Pods Frameworks";
			outputFileListPaths = (
				"${PODS_ROOT}/Target Support Files/Pods-Tallyvision/Pods-Tallyvision-frameworks-${CONFIGURATION}-output-files.xcfilelist",
			);
			runOnlyForDeploymentPostprocessing = 0;
			shellPath = /bin/sh;
			shellScript = "\"${PODS_ROOT}/Target Support Files/Pods-Tallyvision/Pods-Tallyvision-frameworks.sh\"\n";
			showEnvVarsInLog = 0;
		};
		C0C26C2AFB90204EBCDFE0C2 /* [CP] Check Pods Manifest.lock */ = {
			isa = PBXShellScriptBuildPhase;
			buildActionMask = 2147483647;
			files = (
			);
			inputFileListPaths = (
			);
			inputPaths = (
				"${PODS_PODFILE_DIR_PATH}/Podfile.lock",
				"${PODS_ROOT}/Manifest.lock",
			);
			name = "[CP] Check Pods Manifest.lock";
			outputFileListPaths = (
			);
			outputPaths = (
				"$(DERIVED_FILE_DIR)/Pods-Tallyvision-checkManifestLockResult.txt",
			);
			runOnlyForDeploymentPostprocessing = 0;
			shellPath = /bin/sh;
			shellScript = "diff \"${PODS_PODFILE_DIR_PATH}/Podfile.lock\" \"${PODS_ROOT}/Manifest.lock\" > /dev/null\nif [ $? != 0 ] ; then\n    # print error to STDERR\n    echo \"error: The sandbox is not in sync with the Podfile.lock. Run 'pod install' or update your CocoaPods installation.\" >&2\n    exit 1\nfi\n# This output is used by Xcode 'outputs' to avoid re-running this script phase.\necho \"SUCCESS\" > \"${SCRIPT_OUTPUT_FILE_0}\"\n";
			showEnvVarsInLog = 0;
		};
/* End PBXShellScriptBuildPhase section */

/* Begin PBXSourcesBuildPhase section */
		FCC679B82CC8D4BC00050D65 /* Sources */ = {
			isa = PBXSourcesBuildPhase;
			buildActionMask = 2147483647;
			files = (
				FC4D18332D2D4FF800B88C39 /* DispatchQueue+Dedupe.swift in Sources */,
				FCBB94942CFF11D70097B766 /* TransparentButton.swift in Sources */,
				FCD0B4CC2CDA0E8F0042E05C /* Season.swift in Sources */,
				FCEBB31F2D12DA0500EAE4B7 /* BackgroundSupplementaryView.swift in Sources */,
				FCF77A202CD0D12D00456132 /* Show.swift in Sources */,
				FC5C79412CF759BE0016BB87 /* Rating.swift in Sources */,
				FC4B3BC72CE4962C0055ECAF /* BlurredImageView.swift in Sources */,
				FC359CA92D09911C004E9D95 /* ShowCast.swift in Sources */,
				FC5322412CC933EB001BCC3D /* UILabel+Extension.swift in Sources */,
				FCC679C02CC8D4BC00050D65 /* AppDelegate.swift in Sources */,
				FC038A932D244825006FBB14 /* CastCredit.swift in Sources */,
				FCC679C22CC8D4BC00050D65 /* SceneDelegate.swift in Sources */,
				FCBB94912CFF028A0097B766 /* ShowDetailsViewController.swift in Sources */,
				FCD7CFFC2CEB7E4800A3B18F /* DotsIndicatorView.swift in Sources */,
				FCCDF3922D22E9DE00B6DDAB /* UIImageView+Extension.swift in Sources */,
				FCB2C07C2D0049E100456CF4 /* AppConstants.swift in Sources */,
				FC44685D2D1310B5004CFAB2 /* HorizontalLine.swift in Sources */,
				FC5C79342CF6FDC90016BB87 /* SectionTitleReusableView.swift in Sources */,
				FCD0B4CA2CDA0E3A0042E05C /* Image.swift in Sources */,
				FCECD01F2D116BBF00214673 /* ShowMetadataView.swift in Sources */,
				FCEBB31D2D12C07F00EAE4B7 /* CastCell.swift in Sources */,
				FC359CA72D098863004E9D95 /* Person.swift in Sources */,
				FC53223C2CC92DA2001BCC3D /* UIView+Extensions.swift in Sources */,
				FC5322262CC8F817001BCC3D /* UIImage+Resize.swift in Sources */,
				FCA028AB2D084341002FC29B /* IntroductionView.swift in Sources */,
				FC0366D52CE33DFF003EBE4A /* ShowCardView.swift in Sources */,
				FC5322312CC8FB5D001BCC3D /* StatisticsViewController.swift in Sources */,
				FCD0B4D52CDA29630042E05C /* NetworkError.swift in Sources */,
				FC4AA0392CF5ADBB00A67A74 /* AppLayouts.swift in Sources */,
				FC53222F2CC8FB49001BCC3D /* WatchlistViewController.swift in Sources */,
				FCD0B4D02CDA17B60042E05C /* Country.swift in Sources */,
				FC4D182F2D2D2FCE00B88C39 /* ShowTableViewCell.swift in Sources */,
				FC359CAD2D09A4D5004E9D95 /* CastResponse.swift in Sources */,
				FC5C793D2CF750D90016BB87 /* Episode.swift in Sources */,
				FC5C793F2CF758300016BB87 /* Database+Migrator.swift in Sources */,
				FC5209C32D19B0F4001A3180 /* UINavigationController+Extension.swift in Sources */,
				FCEBB31B2D12AF6900EAE4B7 /* ShowTitleView.swift in Sources */,
				FC4AA03B2CF5BC9C00A67A74 /* ShowCardsCell.swift in Sources */,
				FCCBAF6A2CF86BDD000F75BD /* ScheduleService.swift in Sources */,
				FC4468652D1317DE004CFAB2 /* CastDetailsViewController.swift in Sources */,
				FCD0B4CE2CDA17840042E05C /* Network.swift in Sources */,
				FC81954E2D10662A006D1CDF /* CastService.swift in Sources */,
				FC53222D2CC8FB3B001BCC3D /* DiscoverViewController.swift in Sources */,
				FCEDE2662CEC7FD900B4C0F8 /* ShowCell.swift in Sources */,
				FCC679D72CC8D5B300050D65 /* HomeViewController.swift in Sources */,
				FC6459942CFDFEB000809245 /* Date+Operators.swift in Sources */,
				FCB2C08A2D009DB300456CF4 /* DecoratedLabel.swift in Sources */,
				FC2AE5CC2CCFDFED0072FB95 /* AppDelegate+Log.swift in Sources */,
				FC5322332CC91843001BCC3D /* UIColor+Extensions.swift in Sources */,
				FCECD0182D11675200214673 /* TabBarController+RoundedTabBar.swift in Sources */,
				FCA028AD2D0853B5002FC29B /* PaddingLabel.swift in Sources */,
				FCD0B4D32CDA29430042E05C /* TVMazeClient.swift in Sources */,
				FC5C79372CF704E30016BB87 /* DateFormatter+Extension.swift in Sources */,
				FC5209C52D19B371001A3180 /* UIViewController+Extension.swift in Sources */,
				FCF77A242CD0DF2000456132 /* Database.swift in Sources */,
				FC5322222CC8F4B1001BCC3D /* TabBarController.swift in Sources */,
				FC4B3BD42CE4E7E70055ECAF /* String+HTMLParser.swift in Sources */,
			);
			runOnlyForDeploymentPostprocessing = 0;
		};
/* End PBXSourcesBuildPhase section */

/* Begin XCBuildConfiguration section */
		FCC679CE2CC8D4BE00050D65 /* Debug */ = {
			isa = XCBuildConfiguration;
			buildSettings = {
				ALWAYS_SEARCH_USER_PATHS = NO;
				ASSETCATALOG_COMPILER_GENERATE_SWIFT_ASSET_SYMBOL_EXTENSIONS = YES;
				CLANG_ANALYZER_NONNULL = YES;
				CLANG_ANALYZER_NUMBER_OBJECT_CONVERSION = YES_AGGRESSIVE;
				CLANG_CXX_LANGUAGE_STANDARD = "gnu++20";
				CLANG_ENABLE_MODULES = YES;
				CLANG_ENABLE_OBJC_ARC = YES;
				CLANG_ENABLE_OBJC_WEAK = YES;
				CLANG_WARN_BLOCK_CAPTURE_AUTORELEASING = YES;
				CLANG_WARN_BOOL_CONVERSION = YES;
				CLANG_WARN_COMMA = YES;
				CLANG_WARN_CONSTANT_CONVERSION = YES;
				CLANG_WARN_DEPRECATED_OBJC_IMPLEMENTATIONS = YES;
				CLANG_WARN_DIRECT_OBJC_ISA_USAGE = YES_ERROR;
				CLANG_WARN_DOCUMENTATION_COMMENTS = YES;
				CLANG_WARN_EMPTY_BODY = YES;
				CLANG_WARN_ENUM_CONVERSION = YES;
				CLANG_WARN_INFINITE_RECURSION = YES;
				CLANG_WARN_INT_CONVERSION = YES;
				CLANG_WARN_NON_LITERAL_NULL_CONVERSION = YES;
				CLANG_WARN_OBJC_IMPLICIT_RETAIN_SELF = YES;
				CLANG_WARN_OBJC_LITERAL_CONVERSION = YES;
				CLANG_WARN_OBJC_ROOT_CLASS = YES_ERROR;
				CLANG_WARN_QUOTED_INCLUDE_IN_FRAMEWORK_HEADER = YES;
				CLANG_WARN_RANGE_LOOP_ANALYSIS = YES;
				CLANG_WARN_STRICT_PROTOTYPES = YES;
				CLANG_WARN_SUSPICIOUS_MOVE = YES;
				CLANG_WARN_UNGUARDED_AVAILABILITY = YES_AGGRESSIVE;
				CLANG_WARN_UNREACHABLE_CODE = YES;
				CLANG_WARN__DUPLICATE_METHOD_MATCH = YES;
				COPY_PHASE_STRIP = NO;
				DEBUG_INFORMATION_FORMAT = dwarf;
				ENABLE_STRICT_OBJC_MSGSEND = YES;
				ENABLE_TESTABILITY = YES;
				ENABLE_USER_SCRIPT_SANDBOXING = YES;
				GCC_C_LANGUAGE_STANDARD = gnu17;
				GCC_DYNAMIC_NO_PIC = NO;
				GCC_NO_COMMON_BLOCKS = YES;
				GCC_OPTIMIZATION_LEVEL = 0;
				GCC_PREPROCESSOR_DEFINITIONS = (
					"DEBUG=1",
					"$(inherited)",
				);
				GCC_WARN_64_TO_32_BIT_CONVERSION = YES;
				GCC_WARN_ABOUT_RETURN_TYPE = YES_ERROR;
				GCC_WARN_UNDECLARED_SELECTOR = YES;
				GCC_WARN_UNINITIALIZED_AUTOS = YES_AGGRESSIVE;
				GCC_WARN_UNUSED_FUNCTION = YES;
				GCC_WARN_UNUSED_VARIABLE = YES;
				IPHONEOS_DEPLOYMENT_TARGET = 17.2;
				LOCALIZATION_PREFERS_STRING_CATALOGS = YES;
				MTL_ENABLE_DEBUG_INFO = INCLUDE_SOURCE;
				MTL_FAST_MATH = YES;
				ONLY_ACTIVE_ARCH = YES;
				SDKROOT = iphoneos;
				SWIFT_ACTIVE_COMPILATION_CONDITIONS = "DEBUG $(inherited)";
				SWIFT_OPTIMIZATION_LEVEL = "-Onone";
			};
			name = Debug;
		};
		FCC679CF2CC8D4BE00050D65 /* Release */ = {
			isa = XCBuildConfiguration;
			buildSettings = {
				ALWAYS_SEARCH_USER_PATHS = NO;
				ASSETCATALOG_COMPILER_GENERATE_SWIFT_ASSET_SYMBOL_EXTENSIONS = YES;
				CLANG_ANALYZER_NONNULL = YES;
				CLANG_ANALYZER_NUMBER_OBJECT_CONVERSION = YES_AGGRESSIVE;
				CLANG_CXX_LANGUAGE_STANDARD = "gnu++20";
				CLANG_ENABLE_MODULES = YES;
				CLANG_ENABLE_OBJC_ARC = YES;
				CLANG_ENABLE_OBJC_WEAK = YES;
				CLANG_WARN_BLOCK_CAPTURE_AUTORELEASING = YES;
				CLANG_WARN_BOOL_CONVERSION = YES;
				CLANG_WARN_COMMA = YES;
				CLANG_WARN_CONSTANT_CONVERSION = YES;
				CLANG_WARN_DEPRECATED_OBJC_IMPLEMENTATIONS = YES;
				CLANG_WARN_DIRECT_OBJC_ISA_USAGE = YES_ERROR;
				CLANG_WARN_DOCUMENTATION_COMMENTS = YES;
				CLANG_WARN_EMPTY_BODY = YES;
				CLANG_WARN_ENUM_CONVERSION = YES;
				CLANG_WARN_INFINITE_RECURSION = YES;
				CLANG_WARN_INT_CONVERSION = YES;
				CLANG_WARN_NON_LITERAL_NULL_CONVERSION = YES;
				CLANG_WARN_OBJC_IMPLICIT_RETAIN_SELF = YES;
				CLANG_WARN_OBJC_LITERAL_CONVERSION = YES;
				CLANG_WARN_OBJC_ROOT_CLASS = YES_ERROR;
				CLANG_WARN_QUOTED_INCLUDE_IN_FRAMEWORK_HEADER = YES;
				CLANG_WARN_RANGE_LOOP_ANALYSIS = YES;
				CLANG_WARN_STRICT_PROTOTYPES = YES;
				CLANG_WARN_SUSPICIOUS_MOVE = YES;
				CLANG_WARN_UNGUARDED_AVAILABILITY = YES_AGGRESSIVE;
				CLANG_WARN_UNREACHABLE_CODE = YES;
				CLANG_WARN__DUPLICATE_METHOD_MATCH = YES;
				COPY_PHASE_STRIP = NO;
				DEBUG_INFORMATION_FORMAT = "dwarf-with-dsym";
				ENABLE_NS_ASSERTIONS = NO;
				ENABLE_STRICT_OBJC_MSGSEND = YES;
				ENABLE_USER_SCRIPT_SANDBOXING = YES;
				GCC_C_LANGUAGE_STANDARD = gnu17;
				GCC_NO_COMMON_BLOCKS = YES;
				GCC_WARN_64_TO_32_BIT_CONVERSION = YES;
				GCC_WARN_ABOUT_RETURN_TYPE = YES_ERROR;
				GCC_WARN_UNDECLARED_SELECTOR = YES;
				GCC_WARN_UNINITIALIZED_AUTOS = YES_AGGRESSIVE;
				GCC_WARN_UNUSED_FUNCTION = YES;
				GCC_WARN_UNUSED_VARIABLE = YES;
				IPHONEOS_DEPLOYMENT_TARGET = 17.2;
				LOCALIZATION_PREFERS_STRING_CATALOGS = YES;
				MTL_ENABLE_DEBUG_INFO = NO;
				MTL_FAST_MATH = YES;
				SDKROOT = iphoneos;
				SWIFT_COMPILATION_MODE = wholemodule;
				VALIDATE_PRODUCT = YES;
			};
			name = Release;
		};
		FCC679D12CC8D4BE00050D65 /* Debug */ = {
			isa = XCBuildConfiguration;
			baseConfigurationReference = 01D4A84E0071692615EC8647 /* Pods-Tallyvision.debug.xcconfig */;
			buildSettings = {
				ASSETCATALOG_COMPILER_APPICON_NAME = AppIcon;
				ASSETCATALOG_COMPILER_GLOBAL_ACCENT_COLOR_NAME = AccentColor;
				CODE_SIGN_STYLE = Automatic;
				CURRENT_PROJECT_VERSION = 1;
				DEVELOPMENT_TEAM = TG78F8XCP8;
				ENABLE_USER_SCRIPT_SANDBOXING = NO;
				GENERATE_INFOPLIST_FILE = YES;
				INFOPLIST_FILE = Tallyvision/Info.plist;
				INFOPLIST_KEY_UIApplicationSupportsIndirectInputEvents = YES;
				INFOPLIST_KEY_UILaunchStoryboardName = LaunchScreen;
				INFOPLIST_KEY_UISupportedInterfaceOrientations_iPad = "UIInterfaceOrientationPortrait UIInterfaceOrientationPortraitUpsideDown UIInterfaceOrientationLandscapeLeft UIInterfaceOrientationLandscapeRight";
				INFOPLIST_KEY_UISupportedInterfaceOrientations_iPhone = "UIInterfaceOrientationPortrait UIInterfaceOrientationLandscapeLeft UIInterfaceOrientationLandscapeRight";
				LD_RUNPATH_SEARCH_PATHS = (
					"$(inherited)",
					"@executable_path/Frameworks",
				);
				MARKETING_VERSION = 1.0;
				PRODUCT_BUNDLE_IDENTIFIER = com.ivanm.Tallyvision;
				PRODUCT_NAME = "$(TARGET_NAME)";
				SWIFT_EMIT_LOC_STRINGS = YES;
				SWIFT_VERSION = 5.0;
				TARGETED_DEVICE_FAMILY = "1,2";
			};
			name = Debug;
		};
		FCC679D22CC8D4BE00050D65 /* Release */ = {
			isa = XCBuildConfiguration;
			baseConfigurationReference = 3978372BE3E61B2A62FAFF9D /* Pods-Tallyvision.release.xcconfig */;
			buildSettings = {
				ASSETCATALOG_COMPILER_APPICON_NAME = AppIcon;
				ASSETCATALOG_COMPILER_GLOBAL_ACCENT_COLOR_NAME = AccentColor;
				CODE_SIGN_STYLE = Automatic;
				CURRENT_PROJECT_VERSION = 1;
				DEVELOPMENT_TEAM = TG78F8XCP8;
				ENABLE_USER_SCRIPT_SANDBOXING = NO;
				GENERATE_INFOPLIST_FILE = YES;
				INFOPLIST_FILE = Tallyvision/Info.plist;
				INFOPLIST_KEY_UIApplicationSupportsIndirectInputEvents = YES;
				INFOPLIST_KEY_UILaunchStoryboardName = LaunchScreen;
				INFOPLIST_KEY_UISupportedInterfaceOrientations_iPad = "UIInterfaceOrientationPortrait UIInterfaceOrientationPortraitUpsideDown UIInterfaceOrientationLandscapeLeft UIInterfaceOrientationLandscapeRight";
				INFOPLIST_KEY_UISupportedInterfaceOrientations_iPhone = "UIInterfaceOrientationPortrait UIInterfaceOrientationLandscapeLeft UIInterfaceOrientationLandscapeRight";
				LD_RUNPATH_SEARCH_PATHS = (
					"$(inherited)",
					"@executable_path/Frameworks",
				);
				MARKETING_VERSION = 1.0;
				PRODUCT_BUNDLE_IDENTIFIER = com.ivanm.Tallyvision;
				PRODUCT_NAME = "$(TARGET_NAME)";
				SWIFT_EMIT_LOC_STRINGS = YES;
				SWIFT_VERSION = 5.0;
				TARGETED_DEVICE_FAMILY = "1,2";
			};
			name = Release;
		};
/* End XCBuildConfiguration section */

/* Begin XCConfigurationList section */
		FCC679B72CC8D4BC00050D65 /* Build configuration list for PBXProject "Tallyvision" */ = {
			isa = XCConfigurationList;
			buildConfigurations = (
				FCC679CE2CC8D4BE00050D65 /* Debug */,
				FCC679CF2CC8D4BE00050D65 /* Release */,
			);
			defaultConfigurationIsVisible = 0;
			defaultConfigurationName = Release;
		};
		FCC679D02CC8D4BE00050D65 /* Build configuration list for PBXNativeTarget "Tallyvision" */ = {
			isa = XCConfigurationList;
			buildConfigurations = (
				FCC679D12CC8D4BE00050D65 /* Debug */,
				FCC679D22CC8D4BE00050D65 /* Release */,
			);
			defaultConfigurationIsVisible = 0;
			defaultConfigurationName = Release;
		};
/* End XCConfigurationList section */

/* Begin XCRemoteSwiftPackageReference section */
		FCC679D92CC8E01F00050D65 /* XCRemoteSwiftPackageReference "SwiftyBeaver" */ = {
			isa = XCRemoteSwiftPackageReference;
			repositoryURL = "https://github.com/SwiftyBeaver/SwiftyBeaver";
			requirement = {
				kind = upToNextMajorVersion;
				minimumVersion = 2.1.1;
			};
		};
		FCC679DC2CC8E04500050D65 /* XCRemoteSwiftPackageReference "SDWebImage" */ = {
			isa = XCRemoteSwiftPackageReference;
			repositoryURL = "https://github.com/SDWebImage/SDWebImage";
			requirement = {
				kind = upToNextMajorVersion;
				minimumVersion = 5.19.7;
			};
		};
		FCCBAF6B2CF87A78000F75BD /* XCRemoteSwiftPackageReference "AlertKit" */ = {
			isa = XCRemoteSwiftPackageReference;
			repositoryURL = "https://github.com/sparrowcode/AlertKit";
			requirement = {
				kind = upToNextMajorVersion;
				minimumVersion = 5.1.9;
			};
		};
/* End XCRemoteSwiftPackageReference section */

/* Begin XCSwiftPackageProductDependency section */
		FCC679DA2CC8E01F00050D65 /* SwiftyBeaver */ = {
			isa = XCSwiftPackageProductDependency;
			package = FCC679D92CC8E01F00050D65 /* XCRemoteSwiftPackageReference "SwiftyBeaver" */;
			productName = SwiftyBeaver;
		};
		FCC679DD2CC8E04500050D65 /* SDWebImage */ = {
			isa = XCSwiftPackageProductDependency;
			package = FCC679DC2CC8E04500050D65 /* XCRemoteSwiftPackageReference "SDWebImage" */;
			productName = SDWebImage;
		};
		FCC679DF2CC8E04500050D65 /* SDWebImageMapKit */ = {
			isa = XCSwiftPackageProductDependency;
			package = FCC679DC2CC8E04500050D65 /* XCRemoteSwiftPackageReference "SDWebImage" */;
			productName = SDWebImageMapKit;
		};
		FCCBAF6C2CF87A78000F75BD /* AlertKit */ = {
			isa = XCSwiftPackageProductDependency;
			package = FCCBAF6B2CF87A78000F75BD /* XCRemoteSwiftPackageReference "AlertKit" */;
			productName = AlertKit;
		};
/* End XCSwiftPackageProductDependency section */
	};
	rootObject = FCC679B42CC8D4BC00050D65 /* Project object */;
}
