// !$*UTF8*$!
{
	archiveVersion = 1;
	classes = {
	};
	objectVersion = 56;
	objects = {

/* Begin PBXBuildFile section */
		85D19B0FD36FE1CD26693FF1 /* Pods_Tallyvision.framework in Frameworks */ = {isa = PBXBuildFile; fileRef = 67D516D0796A92BE21E280E3 /* Pods_Tallyvision.framework */; };
		FCC679C02CC8D4BC00050D65 /* AppDelegate.swift in Sources */ = {isa = PBXBuildFile; fileRef = FCC679BF2CC8D4BC00050D65 /* AppDelegate.swift */; };
		FCC679C22CC8D4BC00050D65 /* SceneDelegate.swift in Sources */ = {isa = PBXBuildFile; fileRef = FCC679C12CC8D4BC00050D65 /* SceneDelegate.swift */; };
		FCC679C92CC8D4BE00050D65 /* Assets.xcassets in Resources */ = {isa = PBXBuildFile; fileRef = FCC679C82CC8D4BE00050D65 /* Assets.xcassets */; };
		FCC679D72CC8D5B300050D65 /* HomeViewController.swift in Sources */ = {isa = PBXBuildFile; fileRef = FCC679D62CC8D5B300050D65 /* HomeViewController.swift */; };
		FCC679DB2CC8E01F00050D65 /* SwiftyBeaver in Frameworks */ = {isa = PBXBuildFile; productRef = FCC679DA2CC8E01F00050D65 /* SwiftyBeaver */; };
		FCC679DE2CC8E04500050D65 /* SDWebImage in Frameworks */ = {isa = PBXBuildFile; productRef = FCC679DD2CC8E04500050D65 /* SDWebImage */; };
		FCC679E02CC8E04500050D65 /* SDWebImageMapKit in Frameworks */ = {isa = PBXBuildFile; productRef = FCC679DF2CC8E04500050D65 /* SDWebImageMapKit */; };
/* End PBXBuildFile section */

/* Begin PBXFileReference section */
		05DCEEC7ADF8AD823643E98E /* Pods-Tallyvision.debug.xcconfig */ = {isa = PBXFileReference; includeInIndex = 1; lastKnownFileType = text.xcconfig; name = "Pods-Tallyvision.debug.xcconfig"; path = "Target Support Files/Pods-Tallyvision/Pods-Tallyvision.debug.xcconfig"; sourceTree = "<group>"; };
		67D516D0796A92BE21E280E3 /* Pods_Tallyvision.framework */ = {isa = PBXFileReference; explicitFileType = wrapper.framework; includeInIndex = 0; path = Pods_Tallyvision.framework; sourceTree = BUILT_PRODUCTS_DIR; };
		D4059300682F2E68B45E9BE8 /* Pods-Tallyvision.release.xcconfig */ = {isa = PBXFileReference; includeInIndex = 1; lastKnownFileType = text.xcconfig; name = "Pods-Tallyvision.release.xcconfig"; path = "Target Support Files/Pods-Tallyvision/Pods-Tallyvision.release.xcconfig"; sourceTree = "<group>"; };
		FCC679BC2CC8D4BC00050D65 /* Tallyvision.app */ = {isa = PBXFileReference; explicitFileType = wrapper.application; includeInIndex = 0; path = Tallyvision.app; sourceTree = BUILT_PRODUCTS_DIR; };
		FCC679BF2CC8D4BC00050D65 /* AppDelegate.swift */ = {isa = PBXFileReference; lastKnownFileType = sourcecode.swift; path = AppDelegate.swift; sourceTree = "<group>"; };
		FCC679C12CC8D4BC00050D65 /* SceneDelegate.swift */ = {isa = PBXFileReference; lastKnownFileType = sourcecode.swift; path = SceneDelegate.swift; sourceTree = "<group>"; };
		FCC679C82CC8D4BE00050D65 /* Assets.xcassets */ = {isa = PBXFileReference; lastKnownFileType = folder.assetcatalog; path = Assets.xcassets; sourceTree = "<group>"; };
		FCC679CD2CC8D4BE00050D65 /* Info.plist */ = {isa = PBXFileReference; lastKnownFileType = text.plist.xml; path = Info.plist; sourceTree = "<group>"; };
		FCC679D62CC8D5B300050D65 /* HomeViewController.swift */ = {isa = PBXFileReference; lastKnownFileType = sourcecode.swift; path = HomeViewController.swift; sourceTree = "<group>"; };
/* End PBXFileReference section */

/* Begin PBXFrameworksBuildPhase section */
		FCC679B92CC8D4BC00050D65 /* Frameworks */ = {
			isa = PBXFrameworksBuildPhase;
			buildActionMask = 2147483647;
			files = (
				FCC679DE2CC8E04500050D65 /* SDWebImage in Frameworks */,
				FCC679E02CC8E04500050D65 /* SDWebImageMapKit in Frameworks */,
				FCC679DB2CC8E01F00050D65 /* SwiftyBeaver in Frameworks */,
				85D19B0FD36FE1CD26693FF1 /* Pods_Tallyvision.framework in Frameworks */,
			);
			runOnlyForDeploymentPostprocessing = 0;
		};
/* End PBXFrameworksBuildPhase section */

/* Begin PBXGroup section */
		9303EC3EAF386517DFC6FB97 /* Frameworks */ = {
			isa = PBXGroup;
			children = (
				67D516D0796A92BE21E280E3 /* Pods_Tallyvision.framework */,
			);
			name = Frameworks;
			sourceTree = "<group>";
		};
		9908845935437DAFD0D0BAC5 /* Pods */ = {
			isa = PBXGroup;
			children = (
				05DCEEC7ADF8AD823643E98E /* Pods-Tallyvision.debug.xcconfig */,
				D4059300682F2E68B45E9BE8 /* Pods-Tallyvision.release.xcconfig */,
			);
			name = Pods;
			path = Pods;
			sourceTree = "<group>";
		};
		FCC679B32CC8D4BC00050D65 = {
			isa = PBXGroup;
			children = (
				FCC679BE2CC8D4BC00050D65 /* Tallyvision */,
				FCC679BD2CC8D4BC00050D65 /* Products */,
				9908845935437DAFD0D0BAC5 /* Pods */,
				9303EC3EAF386517DFC6FB97 /* Frameworks */,
			);
			sourceTree = "<group>";
		};
		FCC679BD2CC8D4BC00050D65 /* Products */ = {
			isa = PBXGroup;
			children = (
				FCC679BC2CC8D4BC00050D65 /* Tallyvision.app */,
			);
			name = Products;
			sourceTree = "<group>";
		};
		FCC679BE2CC8D4BC00050D65 /* Tallyvision */ = {
			isa = PBXGroup;
			children = (
				FCC679D52CC8D59000050D65 /* View Controllers */,
				FCC679D32CC8D56500050D65 /* Supporting Files */,
				FCC679CD2CC8D4BE00050D65 /* Info.plist */,
			);
			path = Tallyvision;
			sourceTree = "<group>";
		};
		FCC679D32CC8D56500050D65 /* Supporting Files */ = {
			isa = PBXGroup;
			children = (
				FCC679BF2CC8D4BC00050D65 /* AppDelegate.swift */,
				FCC679C12CC8D4BC00050D65 /* SceneDelegate.swift */,
				FCC679C82CC8D4BE00050D65 /* Assets.xcassets */,
			);
			path = "Supporting Files";
			sourceTree = "<group>";
		};
		FCC679D52CC8D59000050D65 /* View Controllers */ = {
			isa = PBXGroup;
			children = (
				FCC679D82CC8D60B00050D65 /* Home */,
			);
			path = "View Controllers";
			sourceTree = "<group>";
		};
		FCC679D82CC8D60B00050D65 /* Home */ = {
			isa = PBXGroup;
			children = (
				FCC679D62CC8D5B300050D65 /* HomeViewController.swift */,
			);
			path = Home;
			sourceTree = "<group>";
		};
/* End PBXGroup section */

/* Begin PBXNativeTarget section */
		FCC679BB2CC8D4BC00050D65 /* Tallyvision */ = {
			isa = PBXNativeTarget;
			buildConfigurationList = FCC679D02CC8D4BE00050D65 /* Build configuration list for PBXNativeTarget "Tallyvision" */;
			buildPhases = (
				2A21CC5E8C8E190FFCDF4E28 /* [CP] Check Pods Manifest.lock */,
				FCC679B82CC8D4BC00050D65 /* Sources */,
				FCC679B92CC8D4BC00050D65 /* Frameworks */,
				FCC679BA2CC8D4BC00050D65 /* Resources */,
				3F3B46DB01DD6C3DE5A2D120 /* [CP] Embed Pods Frameworks */,
			);
			buildRules = (
			);
			dependencies = (
			);
			name = Tallyvision;
			packageProductDependencies = (
				FCC679DA2CC8E01F00050D65 /* SwiftyBeaver */,
				FCC679DD2CC8E04500050D65 /* SDWebImage */,
				FCC679DF2CC8E04500050D65 /* SDWebImageMapKit */,
			);
			productName = Tallyvision;
			productReference = FCC679BC2CC8D4BC00050D65 /* Tallyvision.app */;
			productType = "com.apple.product-type.application";
		};
/* End PBXNativeTarget section */

/* Begin PBXProject section */
		FCC679B42CC8D4BC00050D65 /* Project object */ = {
			isa = PBXProject;
			attributes = {
				BuildIndependentTargetsInParallel = 1;
				LastSwiftUpdateCheck = 1520;
				LastUpgradeCheck = 1520;
				TargetAttributes = {
					FCC679BB2CC8D4BC00050D65 = {
						CreatedOnToolsVersion = 15.2;
					};
				};
			};
			buildConfigurationList = FCC679B72CC8D4BC00050D65 /* Build configuration list for PBXProject "Tallyvision" */;
			compatibilityVersion = "Xcode 14.0";
			developmentRegion = en;
			hasScannedForEncodings = 0;
			knownRegions = (
				en,
				Base,
			);
			mainGroup = FCC679B32CC8D4BC00050D65;
			packageReferences = (
				FCC679D92CC8E01F00050D65 /* XCRemoteSwiftPackageReference "SwiftyBeaver" */,
				FCC679DC2CC8E04500050D65 /* XCRemoteSwiftPackageReference "SDWebImage" */,
			);
			productRefGroup = FCC679BD2CC8D4BC00050D65 /* Products */;
			projectDirPath = "";
			projectRoot = "";
			targets = (
				FCC679BB2CC8D4BC00050D65 /* Tallyvision */,
			);
		};
/* End PBXProject section */

/* Begin PBXResourcesBuildPhase section */
		FCC679BA2CC8D4BC00050D65 /* Resources */ = {
			isa = PBXResourcesBuildPhase;
			buildActionMask = 2147483647;
			files = (
				FCC679C92CC8D4BE00050D65 /* Assets.xcassets in Resources */,
			);
			runOnlyForDeploymentPostprocessing = 0;
		};
/* End PBXResourcesBuildPhase section */

/* Begin PBXShellScriptBuildPhase section */
		2A21CC5E8C8E190FFCDF4E28 /* [CP] Check Pods Manifest.lock */ = {
			isa = PBXShellScriptBuildPhase;
			buildActionMask = 2147483647;
			files = (
			);
			inputFileListPaths = (
			);
			inputPaths = (
				"${PODS_PODFILE_DIR_PATH}/Podfile.lock",
				"${PODS_ROOT}/Manifest.lock",
			);
			name = "[CP] Check Pods Manifest.lock";
			outputFileListPaths = (
			);
			outputPaths = (
				"$(DERIVED_FILE_DIR)/Pods-Tallyvision-checkManifestLockResult.txt",
			);
			runOnlyForDeploymentPostprocessing = 0;
			shellPath = /bin/sh;
			shellScript = "diff \"${PODS_PODFILE_DIR_PATH}/Podfile.lock\" \"${PODS_ROOT}/Manifest.lock\" > /dev/null\nif [ $? != 0 ] ; then\n    # print error to STDERR\n    echo \"error: The sandbox is not in sync with the Podfile.lock. Run 'pod install' or update your CocoaPods installation.\" >&2\n    exit 1\nfi\n# This output is used by Xcode 'outputs' to avoid re-running this script phase.\necho \"SUCCESS\" > \"${SCRIPT_OUTPUT_FILE_0}\"\n";
			showEnvVarsInLog = 0;
		};
		3F3B46DB01DD6C3DE5A2D120 /* [CP] Embed Pods Frameworks */ = {
			isa = PBXShellScriptBuildPhase;
			buildActionMask = 2147483647;
			files = (
			);
			inputFileListPaths = (
				"${PODS_ROOT}/Target Support Files/Pods-Tallyvision/Pods-Tallyvision-frameworks-${CONFIGURATION}-input-files.xcfilelist",
			);
			name = "[CP] Embed Pods Frameworks";
			outputFileListPaths = (
				"${PODS_ROOT}/Target Support Files/Pods-Tallyvision/Pods-Tallyvision-frameworks-${CONFIGURATION}-output-files.xcfilelist",
			);
			runOnlyForDeploymentPostprocessing = 0;
			shellPath = /bin/sh;
			shellScript = "\"${PODS_ROOT}/Target Support Files/Pods-Tallyvision/Pods-Tallyvision-frameworks.sh\"\n";
			showEnvVarsInLog = 0;
		};
/* End PBXShellScriptBuildPhase section */

/* Begin PBXSourcesBuildPhase section */
		FCC679B82CC8D4BC00050D65 /* Sources */ = {
			isa = PBXSourcesBuildPhase;
			buildActionMask = 2147483647;
			files = (
				FCC679C02CC8D4BC00050D65 /* AppDelegate.swift in Sources */,
				FCC679C22CC8D4BC00050D65 /* SceneDelegate.swift in Sources */,
				FCC679D72CC8D5B300050D65 /* HomeViewController.swift in Sources */,
			);
			runOnlyForDeploymentPostprocessing = 0;
		};
/* End PBXSourcesBuildPhase section */

/* Begin XCBuildConfiguration section */
		FCC679CE2CC8D4BE00050D65 /* Debug */ = {
			isa = XCBuildConfiguration;
			buildSettings = {
				ALWAYS_SEARCH_USER_PATHS = NO;
				ASSETCATALOG_COMPILER_GENERATE_SWIFT_ASSET_SYMBOL_EXTENSIONS = YES;
				CLANG_ANALYZER_NONNULL = YES;
				CLANG_ANALYZER_NUMBER_OBJECT_CONVERSION = YES_AGGRESSIVE;
				CLANG_CXX_LANGUAGE_STANDARD = "gnu++20";
				CLANG_ENABLE_MODULES = YES;
				CLANG_ENABLE_OBJC_ARC = YES;
				CLANG_ENABLE_OBJC_WEAK = YES;
				CLANG_WARN_BLOCK_CAPTURE_AUTORELEASING = YES;
				CLANG_WARN_BOOL_CONVERSION = YES;
				CLANG_WARN_COMMA = YES;
				CLANG_WARN_CONSTANT_CONVERSION = YES;
				CLANG_WARN_DEPRECATED_OBJC_IMPLEMENTATIONS = YES;
				CLANG_WARN_DIRECT_OBJC_ISA_USAGE = YES_ERROR;
				CLANG_WARN_DOCUMENTATION_COMMENTS = YES;
				CLANG_WARN_EMPTY_BODY = YES;
				CLANG_WARN_ENUM_CONVERSION = YES;
				CLANG_WARN_INFINITE_RECURSION = YES;
				CLANG_WARN_INT_CONVERSION = YES;
				CLANG_WARN_NON_LITERAL_NULL_CONVERSION = YES;
				CLANG_WARN_OBJC_IMPLICIT_RETAIN_SELF = YES;
				CLANG_WARN_OBJC_LITERAL_CONVERSION = YES;
				CLANG_WARN_OBJC_ROOT_CLASS = YES_ERROR;
				CLANG_WARN_QUOTED_INCLUDE_IN_FRAMEWORK_HEADER = YES;
				CLANG_WARN_RANGE_LOOP_ANALYSIS = YES;
				CLANG_WARN_STRICT_PROTOTYPES = YES;
				CLANG_WARN_SUSPICIOUS_MOVE = YES;
				CLANG_WARN_UNGUARDED_AVAILABILITY = YES_AGGRESSIVE;
				CLANG_WARN_UNREACHABLE_CODE = YES;
				CLANG_WARN__DUPLICATE_METHOD_MATCH = YES;
				COPY_PHASE_STRIP = NO;
				DEBUG_INFORMATION_FORMAT = dwarf;
				ENABLE_STRICT_OBJC_MSGSEND = YES;
				ENABLE_TESTABILITY = YES;
				ENABLE_USER_SCRIPT_SANDBOXING = YES;
				GCC_C_LANGUAGE_STANDARD = gnu17;
				GCC_DYNAMIC_NO_PIC = NO;
				GCC_NO_COMMON_BLOCKS = YES;
				GCC_OPTIMIZATION_LEVEL = 0;
				GCC_PREPROCESSOR_DEFINITIONS = (
					"DEBUG=1",
					"$(inherited)",
				);
				GCC_WARN_64_TO_32_BIT_CONVERSION = YES;
				GCC_WARN_ABOUT_RETURN_TYPE = YES_ERROR;
				GCC_WARN_UNDECLARED_SELECTOR = YES;
				GCC_WARN_UNINITIALIZED_AUTOS = YES_AGGRESSIVE;
				GCC_WARN_UNUSED_FUNCTION = YES;
				GCC_WARN_UNUSED_VARIABLE = YES;
				IPHONEOS_DEPLOYMENT_TARGET = 17.2;
				LOCALIZATION_PREFERS_STRING_CATALOGS = YES;
				MTL_ENABLE_DEBUG_INFO = INCLUDE_SOURCE;
				MTL_FAST_MATH = YES;
				ONLY_ACTIVE_ARCH = YES;
				SDKROOT = iphoneos;
				SWIFT_ACTIVE_COMPILATION_CONDITIONS = "DEBUG $(inherited)";
				SWIFT_OPTIMIZATION_LEVEL = "-Onone";
			};
			name = Debug;
		};
		FCC679CF2CC8D4BE00050D65 /* Release */ = {
			isa = XCBuildConfiguration;
			buildSettings = {
				ALWAYS_SEARCH_USER_PATHS = NO;
				ASSETCATALOG_COMPILER_GENERATE_SWIFT_ASSET_SYMBOL_EXTENSIONS = YES;
				CLANG_ANALYZER_NONNULL = YES;
				CLANG_ANALYZER_NUMBER_OBJECT_CONVERSION = YES_AGGRESSIVE;
				CLANG_CXX_LANGUAGE_STANDARD = "gnu++20";
				CLANG_ENABLE_MODULES = YES;
				CLANG_ENABLE_OBJC_ARC = YES;
				CLANG_ENABLE_OBJC_WEAK = YES;
				CLANG_WARN_BLOCK_CAPTURE_AUTORELEASING = YES;
				CLANG_WARN_BOOL_CONVERSION = YES;
				CLANG_WARN_COMMA = YES;
				CLANG_WARN_CONSTANT_CONVERSION = YES;
				CLANG_WARN_DEPRECATED_OBJC_IMPLEMENTATIONS = YES;
				CLANG_WARN_DIRECT_OBJC_ISA_USAGE = YES_ERROR;
				CLANG_WARN_DOCUMENTATION_COMMENTS = YES;
				CLANG_WARN_EMPTY_BODY = YES;
				CLANG_WARN_ENUM_CONVERSION = YES;
				CLANG_WARN_INFINITE_RECURSION = YES;
				CLANG_WARN_INT_CONVERSION = YES;
				CLANG_WARN_NON_LITERAL_NULL_CONVERSION = YES;
				CLANG_WARN_OBJC_IMPLICIT_RETAIN_SELF = YES;
				CLANG_WARN_OBJC_LITERAL_CONVERSION = YES;
				CLANG_WARN_OBJC_ROOT_CLASS = YES_ERROR;
				CLANG_WARN_QUOTED_INCLUDE_IN_FRAMEWORK_HEADER = YES;
				CLANG_WARN_RANGE_LOOP_ANALYSIS = YES;
				CLANG_WARN_STRICT_PROTOTYPES = YES;
				CLANG_WARN_SUSPICIOUS_MOVE = YES;
				CLANG_WARN_UNGUARDED_AVAILABILITY = YES_AGGRESSIVE;
				CLANG_WARN_UNREACHABLE_CODE = YES;
				CLANG_WARN__DUPLICATE_METHOD_MATCH = YES;
				COPY_PHASE_STRIP = NO;
				DEBUG_INFORMATION_FORMAT = "dwarf-with-dsym";
				ENABLE_NS_ASSERTIONS = NO;
				ENABLE_STRICT_OBJC_MSGSEND = YES;
				ENABLE_USER_SCRIPT_SANDBOXING = YES;
				GCC_C_LANGUAGE_STANDARD = gnu17;
				GCC_NO_COMMON_BLOCKS = YES;
				GCC_WARN_64_TO_32_BIT_CONVERSION = YES;
				GCC_WARN_ABOUT_RETURN_TYPE = YES_ERROR;
				GCC_WARN_UNDECLARED_SELECTOR = YES;
				GCC_WARN_UNINITIALIZED_AUTOS = YES_AGGRESSIVE;
				GCC_WARN_UNUSED_FUNCTION = YES;
				GCC_WARN_UNUSED_VARIABLE = YES;
				IPHONEOS_DEPLOYMENT_TARGET = 17.2;
				LOCALIZATION_PREFERS_STRING_CATALOGS = YES;
				MTL_ENABLE_DEBUG_INFO = NO;
				MTL_FAST_MATH = YES;
				SDKROOT = iphoneos;
				SWIFT_COMPILATION_MODE = wholemodule;
				VALIDATE_PRODUCT = YES;
			};
			name = Release;
		};
		FCC679D12CC8D4BE00050D65 /* Debug */ = {
			isa = XCBuildConfiguration;
			baseConfigurationReference = 05DCEEC7ADF8AD823643E98E /* Pods-Tallyvision.debug.xcconfig */;
			buildSettings = {
				ASSETCATALOG_COMPILER_APPICON_NAME = AppIcon;
				ASSETCATALOG_COMPILER_GLOBAL_ACCENT_COLOR_NAME = AccentColor;
				CODE_SIGN_STYLE = Automatic;
				CURRENT_PROJECT_VERSION = 1;
				DEVELOPMENT_TEAM = TG78F8XCP8;
				GENERATE_INFOPLIST_FILE = YES;
				INFOPLIST_FILE = Tallyvision/Info.plist;
				INFOPLIST_KEY_UIApplicationSupportsIndirectInputEvents = YES;
				INFOPLIST_KEY_UILaunchStoryboardName = LaunchScreen;
				INFOPLIST_KEY_UISupportedInterfaceOrientations_iPad = "UIInterfaceOrientationPortrait UIInterfaceOrientationPortraitUpsideDown UIInterfaceOrientationLandscapeLeft UIInterfaceOrientationLandscapeRight";
				INFOPLIST_KEY_UISupportedInterfaceOrientations_iPhone = "UIInterfaceOrientationPortrait UIInterfaceOrientationLandscapeLeft UIInterfaceOrientationLandscapeRight";
				LD_RUNPATH_SEARCH_PATHS = (
					"$(inherited)",
					"@executable_path/Frameworks",
				);
				MARKETING_VERSION = 1.0;
				PRODUCT_BUNDLE_IDENTIFIER = com.ivanm.Tallyvision;
				PRODUCT_NAME = "$(TARGET_NAME)";
				SWIFT_EMIT_LOC_STRINGS = YES;
				SWIFT_VERSION = 5.0;
				TARGETED_DEVICE_FAMILY = "1,2";
			};
			name = Debug;
		};
		FCC679D22CC8D4BE00050D65 /* Release */ = {
			isa = XCBuildConfiguration;
			baseConfigurationReference = D4059300682F2E68B45E9BE8 /* Pods-Tallyvision.release.xcconfig */;
			buildSettings = {
				ASSETCATALOG_COMPILER_APPICON_NAME = AppIcon;
				ASSETCATALOG_COMPILER_GLOBAL_ACCENT_COLOR_NAME = AccentColor;
				CODE_SIGN_STYLE = Automatic;
				CURRENT_PROJECT_VERSION = 1;
				DEVELOPMENT_TEAM = TG78F8XCP8;
				GENERATE_INFOPLIST_FILE = YES;
				INFOPLIST_FILE = Tallyvision/Info.plist;
				INFOPLIST_KEY_UIApplicationSupportsIndirectInputEvents = YES;
				INFOPLIST_KEY_UILaunchStoryboardName = LaunchScreen;
				INFOPLIST_KEY_UISupportedInterfaceOrientations_iPad = "UIInterfaceOrientationPortrait UIInterfaceOrientationPortraitUpsideDown UIInterfaceOrientationLandscapeLeft UIInterfaceOrientationLandscapeRight";
				INFOPLIST_KEY_UISupportedInterfaceOrientations_iPhone = "UIInterfaceOrientationPortrait UIInterfaceOrientationLandscapeLeft UIInterfaceOrientationLandscapeRight";
				LD_RUNPATH_SEARCH_PATHS = (
					"$(inherited)",
					"@executable_path/Frameworks",
				);
				MARKETING_VERSION = 1.0;
				PRODUCT_BUNDLE_IDENTIFIER = com.ivanm.Tallyvision;
				PRODUCT_NAME = "$(TARGET_NAME)";
				SWIFT_EMIT_LOC_STRINGS = YES;
				SWIFT_VERSION = 5.0;
				TARGETED_DEVICE_FAMILY = "1,2";
			};
			name = Release;
		};
/* End XCBuildConfiguration section */

/* Begin XCConfigurationList section */
		FCC679B72CC8D4BC00050D65 /* Build configuration list for PBXProject "Tallyvision" */ = {
			isa = XCConfigurationList;
			buildConfigurations = (
				FCC679CE2CC8D4BE00050D65 /* Debug */,
				FCC679CF2CC8D4BE00050D65 /* Release */,
			);
			defaultConfigurationIsVisible = 0;
			defaultConfigurationName = Release;
		};
		FCC679D02CC8D4BE00050D65 /* Build configuration list for PBXNativeTarget "Tallyvision" */ = {
			isa = XCConfigurationList;
			buildConfigurations = (
				FCC679D12CC8D4BE00050D65 /* Debug */,
				FCC679D22CC8D4BE00050D65 /* Release */,
			);
			defaultConfigurationIsVisible = 0;
			defaultConfigurationName = Release;
		};
/* End XCConfigurationList section */

/* Begin XCRemoteSwiftPackageReference section */
		FCC679D92CC8E01F00050D65 /* XCRemoteSwiftPackageReference "SwiftyBeaver" */ = {
			isa = XCRemoteSwiftPackageReference;
			repositoryURL = "https://github.com/SwiftyBeaver/SwiftyBeaver";
			requirement = {
				kind = upToNextMajorVersion;
				minimumVersion = 2.1.1;
			};
		};
		FCC679DC2CC8E04500050D65 /* XCRemoteSwiftPackageReference "SDWebImage" */ = {
			isa = XCRemoteSwiftPackageReference;
			repositoryURL = "https://github.com/SDWebImage/SDWebImage";
			requirement = {
				kind = upToNextMajorVersion;
				minimumVersion = 5.19.7;
			};
		};
/* End XCRemoteSwiftPackageReference section */

/* Begin XCSwiftPackageProductDependency section */
		FCC679DA2CC8E01F00050D65 /* SwiftyBeaver */ = {
			isa = XCSwiftPackageProductDependency;
			package = FCC679D92CC8E01F00050D65 /* XCRemoteSwiftPackageReference "SwiftyBeaver" */;
			productName = SwiftyBeaver;
		};
		FCC679DD2CC8E04500050D65 /* SDWebImage */ = {
			isa = XCSwiftPackageProductDependency;
			package = FCC679DC2CC8E04500050D65 /* XCRemoteSwiftPackageReference "SDWebImage" */;
			productName = SDWebImage;
		};
		FCC679DF2CC8E04500050D65 /* SDWebImageMapKit */ = {
			isa = XCSwiftPackageProductDependency;
			package = FCC679DC2CC8E04500050D65 /* XCRemoteSwiftPackageReference "SDWebImage" */;
			productName = SDWebImageMapKit;
		};
/* End XCSwiftPackageProductDependency section */
	};
	rootObject = FCC679B42CC8D4BC00050D65 /* Project object */;
}
